github.com/samber/mo v1.17.0 h1:EbeLc7nxIdpalstxQQakLOcXxULuMRqo7PJPtY18bQg=
github.com/samber/mo v1.17.0/go.mod h1:DlgzJ4SYhOh41nP1L9kh9rDNERuf8IqWSAs+gj2Vxag=
github.com/theopenlane/utils v0.5.2 h1:5Hpg+lgSGxBZwirh9DQumTHCBU9Wgopjp7Oug2FA+1c=
github.com/theopenlane/utils v0.5.2/go.mod h1:d7F811pRS817S9wo9SmsSghS5GDgN32BFn6meMM9PM0=
