github.com/samber/mo v1.16.0 h1:qpEPCI63ou6wXlsNDMLE0IIN8A+devbGX/K1xdgr4b4=
github.com/samber/mo v1.16.0/go.mod h1:DlgzJ4SYhOh41nP1L9kh9rDNERuf8IqWSAs+gj2Vxag=
github.com/theopenlane/utils v0.7.1 h1:x+9kVMgOALYqAH6GaLaDb9tj16nzasoGM8X0v0XNTn8=
github.com/theopenlane/utils v0.7.1/go.mod h1:uxiLqjtcqgH57yOpYl3tTfKuenGYyAROxHFMpXx6mDY=
